
Microsoft Visual Studio Solution File, Format Version 12.00
# Visual Studio 14
VisualStudioVersion = 14.0.24720.0
MinimumVisualStudioVersion = 10.0.40219.1
Project("{FAE04EC0-301F-11D3-BF4B-00C04F79EFBC}") = "LanAdept", "LanAdept\LanAdept.csproj", "{C4C6F047-20F8-448B-8895-26455C5C050B}"
EndProject
Project("{FAE04EC0-301F-11D3-BF4B-00C04F79EFBC}") = "LanAdeptData", "LanAdeptData\LanAdeptData.csproj", "{6C9BD73B-2466-4F90-9CE0-C70984454A63}"
EndProject
Project("{FAE04EC0-301F-11D3-BF4B-00C04F79EFBC}") = "LanAdeptCore", "LanAdeptCore\LanAdeptCore.csproj", "{1CCE8183-5B3F-4C99-AC45-3F1AB609F661}"
EndProject
Project("{FAE04EC0-301F-11D3-BF4B-00C04F79EFBC}") = "LanAdeptAdmin", "LanAdeptAdmin\LanAdeptAdmin.csproj", "{DA2BFAE4-8A01-4CA0-8637-4FE3805D487C}"
EndProject
Global
	GlobalSection(SolutionConfigurationPlatforms) = preSolution
		Debug|Any CPU = Debug|Any CPU
		Release|Any CPU = Release|Any CPU
	EndGlobalSection
	GlobalSection(ProjectConfigurationPlatforms) = postSolution
		{C4C6F047-20F8-448B-8895-26455C5C050B}.Debug|Any CPU.ActiveCfg = Debug|Any CPU
		{C4C6F047-20F8-448B-8895-26455C5C050B}.Debug|Any CPU.Build.0 = Debug|Any CPU
		{C4C6F047-20F8-448B-8895-26455C5C050B}.Release|Any CPU.ActiveCfg = Release|Any CPU
		{C4C6F047-20F8-448B-8895-26455C5C050B}.Release|Any CPU.Build.0 = Release|Any CPU
		{6C9BD73B-2466-4F90-9CE0-C70984454A63}.Debug|Any CPU.ActiveCfg = Debug|Any CPU
		{6C9BD73B-2466-4F90-9CE0-C70984454A63}.Debug|Any CPU.Build.0 = Debug|Any CPU
		{6C9BD73B-2466-4F90-9CE0-C70984454A63}.Release|Any CPU.ActiveCfg = Release|Any CPU
		{6C9BD73B-2466-4F90-9CE0-C70984454A63}.Release|Any CPU.Build.0 = Release|Any CPU
		{1CCE8183-5B3F-4C99-AC45-3F1AB609F661}.Debug|Any CPU.ActiveCfg = Debug|Any CPU
		{1CCE8183-5B3F-4C99-AC45-3F1AB609F661}.Debug|Any CPU.Build.0 = Debug|Any CPU
		{1CCE8183-5B3F-4C99-AC45-3F1AB609F661}.Release|Any CPU.ActiveCfg = Release|Any CPU
		{1CCE8183-5B3F-4C99-AC45-3F1AB609F661}.Release|Any CPU.Build.0 = Release|Any CPU
		{DA2BFAE4-8A01-4CA0-8637-4FE3805D487C}.Debug|Any CPU.ActiveCfg = Debug|Any CPU
		{DA2BFAE4-8A01-4CA0-8637-4FE3805D487C}.Debug|Any CPU.Build.0 = Debug|Any CPU
		{DA2BFAE4-8A01-4CA0-8637-4FE3805D487C}.Debug|Any CPU.Deploy.0 = Debug|Any CPU
		{DA2BFAE4-8A01-4CA0-8637-4FE3805D487C}.Release|Any CPU.ActiveCfg = Release|Any CPU
		{DA2BFAE4-8A01-4CA0-8637-4FE3805D487C}.Release|Any CPU.Build.0 = Release|Any CPU
	EndGlobalSection
	GlobalSection(SolutionProperties) = preSolution
		HideSolutionNode = FALSE
	EndGlobalSection
EndGlobal
